{
    "_readme": [
        "This file locks the dependencies of your project to a known state",
        "Read more about it at https://getcomposer.org/doc/01-basic-usage.md#installing-dependencies",
        "This file is @generated automatically"
    ],
    "content-hash": "6b65c1c0210df1e76918c19e668ca344",
    "packages": [
        {
            "name": "gabordemooij/redbean",
            "version": "dev-master",
            "source": {
                "type": "git",
                "url": "https://github.com/gabordemooij/redbean.git",
                "reference": "501dcfb3a264325f7000d30d80d9d8364acef1d1"
            },
            "dist": {
                "type": "zip",
                "url": "https://api.github.com/repos/gabordemooij/redbean/zipball/501dcfb3a264325f7000d30d80d9d8364acef1d1",
                "reference": "501dcfb3a264325f7000d30d80d9d8364acef1d1",
                "shasum": ""
            },
            "require": {
                "php": ">=5.3.4"
            },
            "default-branch": true,
            "type": "library",
            "autoload": {
                "psr-4": {
                    "RedBeanPHP\\": "RedBeanPHP"
                }
            },
            "notification-url": "https://packagist.org/downloads/",
            "license": [
                "BSD-3-Clause"
            ],
            "authors": [
                {
                    "name": "Gabor de Mooij",
                    "email": "gabor@redbeanphp.com",
                    "homepage": "https://redbeanphp.com"
                }
            ],
            "description": "RedBeanPHP ORM",
            "homepage": "https://redbeanphp.com/",
            "keywords": [
                "orm"
            ],
            "support": {
                "issues": "https://github.com/gabordemooij/redbean/issues",
                "source": "https://github.com/gabordemooij/redbean/tree/master"
            },
            "time": "2025-10-04T10:04:22+00:00"
        },
        {
            "name": "laravel/serializable-closure",
            "version": "2.x-dev",
            "source": {
                "type": "git",
                "url": "https://github.com/laravel/serializable-closure.git",
                "reference": "29f1806b11fdda42b6023b38450d6974b40b7e1d"
            },
            "dist": {
                "type": "zip",
                "url": "https://api.github.com/repos/laravel/serializable-closure/zipball/29f1806b11fdda42b6023b38450d6974b40b7e1d",
                "reference": "29f1806b11fdda42b6023b38450d6974b40b7e1d",
                "shasum": ""
            },
            "require": {
                "php": "^8.1"
            },
            "require-dev": {
                "illuminate/support": "^10.0|^11.0|^12.0",
                "nesbot/carbon": "^2.67|^3.0",
                "pestphp/pest": "^2.36|^3.0|^4.0",
                "phpstan/phpstan": "^2.0",
                "symfony/var-dumper": "^6.2.0|^7.0.0"
            },
            "default-branch": true,
            "type": "library",
            "extra": {
                "branch-alias": {
                    "dev-master": "2.x-dev"
                }
            },
            "autoload": {
                "psr-4": {
                    "Laravel\\SerializableClosure\\": "src/"
                }
            },
            "notification-url": "https://packagist.org/downloads/",
            "license": [
                "MIT"
            ],
            "authors": [
                {
                    "name": "Taylor Otwell",
                    "email": "taylor@laravel.com"
                },
                {
                    "name": "Nuno Maduro",
                    "email": "nuno@laravel.com"
                }
            ],
            "description": "Laravel Serializable Closure provides an easy and secure way to serialize closures in PHP.",
            "keywords": [
                "closure",
                "laravel",
                "serializable"
            ],
            "support": {
                "issues": "https://github.com/laravel/serializable-closure/issues",
                "source": "https://github.com/laravel/serializable-closure"
            },
            "time": "2025-11-25T15:20:29+00:00"
        },
        {
            "name": "mikejw/elib-base",
            "version": "v4.1.0",
            "source": {
                "type": "git",
                "url": "https://github.com/mikejw/elib-base.git",
                "reference": "561e8c25b9b2e341ab5cdffb78650d53d805feb8"
            },
            "dist": {
                "type": "zip",
                "url": "https://api.github.com/repos/mikejw/elib-base/zipball/561e8c25b9b2e341ab5cdffb78650d53d805feb8",
                "reference": "561e8c25b9b2e341ab5cdffb78650d53d805feb8",
                "shasum": ""
            },
            "require": {
                "mikejw/empathy": "^4",
                "phpmailer/phpmailer": "^6.1.6"
            },
            "require-dev": {
                "mockery/mockery": "dev-master",
                "phpunit/phpunit": "4.7.*@dev"
            },
            "type": "library",
            "autoload": {
                "psr-0": {
                    "Empathy": "src/"
                }
            },
            "notification-url": "https://packagist.org/downloads/",
            "license": [
                "MIT"
            ],
            "authors": [
                {
                    "name": "Michael J. Whiting",
                    "email": "mail@mikejw.co.uk"
                }
            ],
            "description": "ELib Base",
            "homepage": "https://empathy.sh",
            "keywords": [
                "lib"
            ],
            "support": {
                "issues": "https://github.com/mikejw/elib-base/issues",
                "source": "https://github.com/mikejw/elib-base/tree/v4.1.0"
            },
            "time": "2025-11-29T09:01:12+00:00"
        },
        {
            "name": "mikejw/elib-blog",
            "version": "v4.1.2",
            "source": {
                "type": "git",
                "url": "https://github.com/mikejw/elib-blog.git",
                "reference": "b75869745b82421b3a322e6b9557c7c6475e1752"
            },
            "dist": {
                "type": "zip",
                "url": "https://api.github.com/repos/mikejw/elib-blog/zipball/b75869745b82421b3a322e6b9557c7c6475e1752",
                "reference": "b75869745b82421b3a322e6b9557c7c6475e1752",
                "shasum": ""
            },
            "require": {
                "mikejw/elib-base": "^4",
                "mikejw/elib-siteinfo": "^4"
            },
            "type": "library",
            "autoload": {
                "psr-0": {
                    "Empathy": "src/"
                }
            },
            "notification-url": "https://packagist.org/downloads/",
            "license": [
                "MIT"
            ],
            "authors": [
                {
                    "name": "Michael J. Whiting",
                    "email": "mail@mikejw.co.uk"
                }
            ],
            "description": "ELib Blog",
            "homepage": "https://empathy.sh",
            "keywords": [
                "lib"
            ],
            "support": {
                "issues": "https://github.com/mikejw/elib-blog/issues",
                "source": "https://github.com/mikejw/elib-blog/tree/v4.1.2"
            },
            "time": "2025-12-10T18:50:12+00:00"
        },
        {
            "name": "mikejw/elib-siteinfo",
            "version": "v4.1.1",
            "source": {
                "type": "git",
                "url": "https://github.com/mikejw/elib-siteinfo.git",
                "reference": "ad6ba02f5312a0b0c3903dbbc4b815d41e95c893"
            },
            "dist": {
                "type": "zip",
                "url": "https://api.github.com/repos/mikejw/elib-siteinfo/zipball/ad6ba02f5312a0b0c3903dbbc4b815d41e95c893",
                "reference": "ad6ba02f5312a0b0c3903dbbc4b815d41e95c893",
                "shasum": ""
            },
            "require": {
                "gabordemooij/redbean": "dev-master",
                "mikejw/elib-base": "^4"
            },
            "type": "library",
            "autoload": {
                "psr-0": {
                    "Empathy": "src/"
                }
            },
            "notification-url": "https://packagist.org/downloads/",
            "license": [
                "MIT"
            ],
            "authors": [
                {
                    "name": "Mike Whiting",
                    "email": "mail@mikejw.co.uk"
                }
            ],
            "description": "ELib SiteInfo",
            "homepage": "https://empathy.sh",
            "keywords": [
                "lib"
            ],
            "support": {
                "issues": "https://github.com/mikejw/elib-siteinfo/issues",
                "source": "https://github.com/mikejw/elib-siteinfo/tree/v4.1.1"
            },
            "time": "2025-12-10T18:52:20+00:00"
        },
        {
            "name": "mikejw/elibs",
            "version": "v2.0.0",
            "source": {
                "type": "git",
                "url": "https://github.com/mikejw/elibs.git",
                "reference": "3604f4a981b44dd64aa2b3cc5cf34da148ebdfd6"
            },
            "dist": {
                "type": "zip",
                "url": "https://api.github.com/repos/mikejw/elibs/zipball/3604f4a981b44dd64aa2b3cc5cf34da148ebdfd6",
                "reference": "3604f4a981b44dd64aa2b3cc5cf34da148ebdfd6",
                "shasum": ""
            },
            "type": "library",
            "notification-url": "https://packagist.org/downloads/",
            "license": [
                "LGPL-3.0"
            ],
            "description": "Miscellaneous library for Empathy PHP Framework",
            "homepage": "http://empathyphp.co.uk",
            "keywords": [
                "lib"
            ],
            "support": {
                "issues": "https://github.com/mikejw/elibs/issues",
                "source": "https://github.com/mikejw/elibs/tree/v2.0.0"
            },
            "time": "2025-05-26T08:03:28+00:00"
        },
        {
            "name": "mikejw/empathy",
            "version": "v4.3.0",
            "source": {
                "type": "git",
                "url": "https://github.com/mikejw/empathy.git",
                "reference": "e29b11c818ca8a24e7cb67c3870c92e65cc83f54"
            },
            "dist": {
                "type": "zip",
                "url": "https://api.github.com/repos/mikejw/empathy/zipball/e29b11c818ca8a24e7cb67c3870c92e65cc83f54",
                "reference": "e29b11c818ca8a24e7cb67c3870c92e65cc83f54",
                "shasum": ""
            },
            "require": {
                "mikejw/elibs": "^2",
                "monolog/monolog": "^2.5.0",
                "mustangostang/spyc": "0.6.3",
                "php": ">=8.4.0",
                "php-di/php-di": "^7.0",
                "wp-cli/php-cli-tools": "dev-master"
            },
            "require-dev": {
                "mockery/mockery": "^1.3.0",
                "nelmio/alice": "dev-2.x-dev",
                "phpunit/phpunit": "^8",
                "squizlabs/php_codesniffer": "^3.7.2"
            },
            "bin": [
                "bin/empathy"
            ],
            "type": "library",
            "autoload": {
                "psr-0": {
                    "Psr": "src/",
                    "Empathy": "src/"
                }
            },
            "notification-url": "https://packagist.org/downloads/",
            "license": [
                "MIT"
            ],
            "authors": [
                {
                    "name": "Michael J. Whiting",
                    "email": "mail@mikejw.co.uk"
                }
            ],
            "description": "Empathy MVC",
            "homepage": "https://empathy.sh",
            "keywords": [
                "framework",
                "mvc"
            ],
            "support": {
                "issues": "https://github.com/mikejw/empathy/issues",
                "source": "https://github.com/mikejw/empathy/tree/v4.3.0"
            },
            "time": "2025-11-29T08:47:24+00:00"
        },
        {
            "name": "monolog/monolog",
            "version": "2.x-dev",
            "source": {
                "type": "git",
                "url": "https://github.com/Seldaek/monolog.git",
                "reference": "d817927c928b235f293cc07e0d7c7f0c18a44a66"
            },
            "dist": {
                "type": "zip",
                "url": "https://api.github.com/repos/Seldaek/monolog/zipball/d817927c928b235f293cc07e0d7c7f0c18a44a66",
                "reference": "d817927c928b235f293cc07e0d7c7f0c18a44a66",
                "shasum": ""
            },
            "require": {
                "php": ">=7.2",
                "psr/log": "^1.0.1 || ^2.0 || ^3.0"
            },
            "provide": {
                "psr/log-implementation": "1.0.0 || 2.0.0 || 3.0.0"
            },
            "require-dev": {
                "aws/aws-sdk-php": "^2.4.9 || ^3.0",
                "doctrine/couchdb": "~1.0@dev",
                "elasticsearch/elasticsearch": "^7 || ^8",
                "ext-json": "*",
                "graylog2/gelf-php": "^1.4.2 || ^2@dev",
                "guzzlehttp/guzzle": "^7.4",
                "guzzlehttp/psr7": "^2.2",
                "mongodb/mongodb": "^1.8 || ^2.0",
                "php-amqplib/php-amqplib": "~2.4 || ^3",
                "phpspec/prophecy": "^1.15",
                "phpstan/phpstan": "^1.10",
                "phpunit/phpunit": "^8.5.38 || ^9.6.19",
                "predis/predis": "^1.1 || ^2.0",
                "rollbar/rollbar": "^1.3 || ^2 || ^3",
                "ruflin/elastica": "^7",
                "swiftmailer/swiftmailer": "^5.3|^6.0",
                "symfony/mailer": "^5.4 || ^6",
                "symfony/mime": "^5.4 || ^6"
            },
            "suggest": {
                "aws/aws-sdk-php": "Allow sending log messages to AWS services like DynamoDB",
                "doctrine/couchdb": "Allow sending log messages to a CouchDB server",
                "elasticsearch/elasticsearch": "Allow sending log messages to an Elasticsearch server via official client",
                "ext-amqp": "Allow sending log messages to an AMQP server (1.0+ required)",
                "ext-curl": "Required to send log messages using the IFTTTHandler, the LogglyHandler, the SendGridHandler, the SlackWebhookHandler or the TelegramBotHandler",
                "ext-mbstring": "Allow to work properly with unicode symbols",
                "ext-mongodb": "Allow sending log messages to a MongoDB server (via driver)",
                "ext-openssl": "Required to send log messages using SSL",
                "ext-sockets": "Allow sending log messages to a Syslog server (via UDP driver)",
                "graylog2/gelf-php": "Allow sending log messages to a GrayLog2 server",
                "mongodb/mongodb": "Allow sending log messages to a MongoDB server (via library)",
                "php-amqplib/php-amqplib": "Allow sending log messages to an AMQP server using php-amqplib",
                "rollbar/rollbar": "Allow sending log messages to Rollbar",
                "ruflin/elastica": "Allow sending log messages to an Elastic Search server"
            },
            "type": "library",
            "extra": {
                "branch-alias": {
                    "dev-main": "2.x-dev"
                }
            },
            "autoload": {
                "psr-4": {
                    "Monolog\\": "src/Monolog"
                }
            },
            "notification-url": "https://packagist.org/downloads/",
            "license": [
                "MIT"
            ],
            "authors": [
                {
                    "name": "Jordi Boggiano",
                    "email": "j.boggiano@seld.be",
                    "homepage": "https://seld.be"
                }
            ],
            "description": "Sends your logs to files, sockets, inboxes, databases and various web services",
            "homepage": "https://github.com/Seldaek/monolog",
            "keywords": [
                "log",
                "logging",
                "psr-3"
            ],
            "support": {
                "issues": "https://github.com/Seldaek/monolog/issues",
                "source": "https://github.com/Seldaek/monolog/tree/2.x"
            },
            "funding": [
                {
                    "url": "https://github.com/Seldaek",
                    "type": "github"
                },
                {
                    "url": "https://tidelift.com/funding/github/packagist/monolog/monolog",
                    "type": "tidelift"
                }
            ],
            "time": "2025-10-24T07:28:53+00:00"
        },
        {
            "name": "mustangostang/spyc",
            "version": "0.6.3",
            "source": {
                "type": "git",
                "url": "https://github.com/mustangostang/spyc.git",
                "reference": "4627c838b16550b666d15aeae1e5289dd5b77da0"
            },
            "dist": {
                "type": "zip",
                "url": "https://api.github.com/repos/mustangostang/spyc/zipball/4627c838b16550b666d15aeae1e5289dd5b77da0",
                "reference": "4627c838b16550b666d15aeae1e5289dd5b77da0",
                "shasum": ""
            },
            "require": {
                "php": ">=5.3.1"
            },
            "require-dev": {
                "phpunit/phpunit": "4.3.*@dev"
            },
            "type": "library",
            "extra": {
                "branch-alias": {
                    "dev-master": "0.5.x-dev"
                }
            },
            "autoload": {
                "files": [
                    "Spyc.php"
                ]
            },
            "notification-url": "https://packagist.org/downloads/",
            "license": [
                "MIT"
            ],
            "authors": [
                {
                    "name": "mustangostang",
                    "email": "vlad.andersen@gmail.com"
                }
            ],
            "description": "A simple YAML loader/dumper class for PHP",
            "homepage": "https://github.com/mustangostang/spyc/",
            "keywords": [
                "spyc",
                "yaml",
                "yml"
            ],
            "support": {
                "issues": "https://github.com/mustangostang/spyc/issues",
                "source": "https://github.com/mustangostang/spyc/tree/0.6.3"
            },
            "time": "2019-09-10T13:16:29+00:00"
        },
        {
            "name": "php-di/invoker",
            "version": "2.3.7",
            "source": {
                "type": "git",
                "url": "https://github.com/PHP-DI/Invoker.git",
                "reference": "3c1ddfdef181431fbc4be83378f6d036d59e81e1"
            },
            "dist": {
                "type": "zip",
                "url": "https://api.github.com/repos/PHP-DI/Invoker/zipball/3c1ddfdef181431fbc4be83378f6d036d59e81e1",
                "reference": "3c1ddfdef181431fbc4be83378f6d036d59e81e1",
                "shasum": ""
            },
            "require": {
                "php": ">=7.3",
                "psr/container": "^1.0|^2.0"
            },
            "require-dev": {
                "athletic/athletic": "~0.1.8",
                "mnapoli/hard-mode": "~0.3.0",
                "phpunit/phpunit": "^9.0 || ^10 || ^11 || ^12"
            },
            "type": "library",
            "autoload": {
                "psr-4": {
                    "Invoker\\": "src/"
                }
            },
            "notification-url": "https://packagist.org/downloads/",
            "license": [
                "MIT"
            ],
            "description": "Generic and extensible callable invoker",
            "homepage": "https://github.com/PHP-DI/Invoker",
            "keywords": [
                "callable",
                "dependency",
                "dependency-injection",
                "injection",
                "invoke",
                "invoker"
            ],
            "support": {
                "issues": "https://github.com/PHP-DI/Invoker/issues",
                "source": "https://github.com/PHP-DI/Invoker/tree/2.3.7"
            },
            "funding": [
                {
                    "url": "https://github.com/mnapoli",
                    "type": "github"
                }
            ],
            "time": "2025-08-30T10:22:22+00:00"
        },
        {
            "name": "php-di/php-di",
            "version": "7.1.1",
            "source": {
                "type": "git",
                "url": "https://github.com/PHP-DI/PHP-DI.git",
                "reference": "f88054cc052e40dbe7b383c8817c19442d480352"
            },
            "dist": {
                "type": "zip",
                "url": "https://api.github.com/repos/PHP-DI/PHP-DI/zipball/f88054cc052e40dbe7b383c8817c19442d480352",
                "reference": "f88054cc052e40dbe7b383c8817c19442d480352",
                "shasum": ""
            },
            "require": {
                "laravel/serializable-closure": "^1.0 || ^2.0",
                "php": ">=8.0",
                "php-di/invoker": "^2.0",
                "psr/container": "^1.1 || ^2.0"
            },
            "provide": {
                "psr/container-implementation": "^1.0"
            },
            "require-dev": {
                "friendsofphp/php-cs-fixer": "^3",
                "friendsofphp/proxy-manager-lts": "^1",
                "mnapoli/phpunit-easymock": "^1.3",
                "phpunit/phpunit": "^9.6 || ^10 || ^11",
                "vimeo/psalm": "^5|^6"
            },
            "suggest": {
                "friendsofphp/proxy-manager-lts": "Install it if you want to use lazy injection (version ^1)"
            },
            "type": "library",
            "autoload": {
                "files": [
                    "src/functions.php"
                ],
                "psr-4": {
                    "DI\\": "src/"
                }
            },
            "notification-url": "https://packagist.org/downloads/",
            "license": [
                "MIT"
            ],
            "description": "The dependency injection container for humans",
            "homepage": "https://php-di.org/",
            "keywords": [
                "PSR-11",
                "container",
                "container-interop",
                "dependency injection",
                "di",
                "ioc",
                "psr11"
            ],
            "support": {
                "issues": "https://github.com/PHP-DI/PHP-DI/issues",
                "source": "https://github.com/PHP-DI/PHP-DI/tree/7.1.1"
            },
            "funding": [
                {
                    "url": "https://github.com/mnapoli",
                    "type": "github"
                },
                {
                    "url": "https://tidelift.com/funding/github/packagist/php-di/php-di",
                    "type": "tidelift"
                }
            ],
            "time": "2025-08-16T11:10:48+00:00"
        },
        {
            "name": "phpmailer/phpmailer",
            "version": "6.12.0.x-dev",
            "source": {
                "type": "git",
                "url": "https://github.com/PHPMailer/PHPMailer.git",
                "reference": "d1ac35d784bf9f5e61b424901d5a014967f15b12"
            },
            "dist": {
                "type": "zip",
                "url": "https://api.github.com/repos/PHPMailer/PHPMailer/zipball/d1ac35d784bf9f5e61b424901d5a014967f15b12",
                "reference": "d1ac35d784bf9f5e61b424901d5a014967f15b12",
                "shasum": ""
            },
            "require": {
                "ext-ctype": "*",
                "ext-filter": "*",
                "ext-hash": "*",
                "php": ">=5.5.0"
            },
            "require-dev": {
                "dealerdirect/phpcodesniffer-composer-installer": "^1.0",
                "doctrine/annotations": "^1.2.6 || ^1.13.3",
                "php-parallel-lint/php-console-highlighter": "^1.0.0",
                "php-parallel-lint/php-parallel-lint": "^1.3.2",
                "phpcompatibility/php-compatibility": "^9.3.5",
                "roave/security-advisories": "dev-latest",
                "squizlabs/php_codesniffer": "^3.7.2",
                "yoast/phpunit-polyfills": "^1.0.4"
            },
            "suggest": {
                "decomplexity/SendOauth2": "Adapter for using XOAUTH2 authentication",
                "ext-mbstring": "Needed to send email in multibyte encoding charset or decode encoded addresses",
                "ext-openssl": "Needed for secure SMTP sending and DKIM signing",
                "greew/oauth2-azure-provider": "Needed for Microsoft Azure XOAUTH2 authentication",
                "hayageek/oauth2-yahoo": "Needed for Yahoo XOAUTH2 authentication",
                "league/oauth2-google": "Needed for Google XOAUTH2 authentication",
                "psr/log": "For optional PSR-3 debug logging",
                "symfony/polyfill-mbstring": "To support UTF-8 if the Mbstring PHP extension is not enabled (^1.2)",
                "thenetworg/oauth2-azure": "Needed for Microsoft XOAUTH2 authentication"
            },
            "type": "library",
            "autoload": {
                "psr-4": {
                    "PHPMailer\\PHPMailer\\": "src/"
                }
            },
            "notification-url": "https://packagist.org/downloads/",
            "license": [
                "LGPL-2.1-only"
            ],
            "authors": [
                {
                    "name": "Marcus Bointon",
                    "email": "phpmailer@synchromedia.co.uk"
                },
                {
                    "name": "Jim Jagielski",
                    "email": "jimjag@gmail.com"
                },
                {
                    "name": "Andy Prevost",
                    "email": "codeworxtech@users.sourceforge.net"
                },
                {
                    "name": "Brent R. Matzelle"
                }
            ],
            "description": "PHPMailer is a full-featured email creation and transfer class for PHP",
            "support": {
                "issues": "https://github.com/PHPMailer/PHPMailer/issues",
                "source": "https://github.com/PHPMailer/PHPMailer/tree/v6.12.0"
            },
            "funding": [
                {
                    "url": "https://github.com/Synchro",
                    "type": "github"
                }
            ],
            "time": "2025-10-15T16:49:08+00:00"
        },
        {
            "name": "psr/container",
            "version": "dev-master",
            "source": {
                "type": "git",
                "url": "https://github.com/php-fig/container.git",
                "reference": "707984727bd5b2b670e59559d3ed2500240cf875"
            },
            "dist": {
                "type": "zip",
                "url": "https://api.github.com/repos/php-fig/container/zipball/707984727bd5b2b670e59559d3ed2500240cf875",
                "reference": "707984727bd5b2b670e59559d3ed2500240cf875",
                "shasum": ""
            },
            "require": {
                "php": ">=7.4.0"
            },
            "default-branch": true,
            "type": "library",
            "extra": {
                "branch-alias": {
                    "dev-master": "2.0.x-dev"
                }
            },
            "autoload": {
                "psr-4": {
                    "Psr\\Container\\": "src/"
                }
            },
            "notification-url": "https://packagist.org/downloads/",
            "license": [
                "MIT"
            ],
            "authors": [
                {
                    "name": "PHP-FIG",
                    "homepage": "https://www.php-fig.org/"
                }
            ],
            "description": "Common Container Interface (PHP FIG PSR-11)",
            "homepage": "https://github.com/php-fig/container",
            "keywords": [
                "PSR-11",
                "container",
                "container-interface",
                "container-interop",
                "psr"
            ],
            "support": {
                "issues": "https://github.com/php-fig/container/issues",
                "source": "https://github.com/php-fig/container"
            },
            "time": "2023-09-22T11:11:30+00:00"
        },
        {
            "name": "psr/log",
            "version": "dev-master",
            "source": {
                "type": "git",
                "url": "https://github.com/php-fig/log.git",
                "reference": "f16e1d5863e37f8d8c2a01719f5b34baa2b714d3"
            },
            "dist": {
                "type": "zip",
                "url": "https://api.github.com/repos/php-fig/log/zipball/f16e1d5863e37f8d8c2a01719f5b34baa2b714d3",
                "reference": "f16e1d5863e37f8d8c2a01719f5b34baa2b714d3",
                "shasum": ""
            },
            "require": {
                "php": ">=8.0.0"
            },
            "default-branch": true,
            "type": "library",
            "extra": {
                "branch-alias": {
                    "dev-master": "3.x-dev"
                }
            },
            "autoload": {
                "psr-4": {
                    "Psr\\Log\\": "src"
                }
            },
            "notification-url": "https://packagist.org/downloads/",
            "license": [
                "MIT"
            ],
            "authors": [
                {
                    "name": "PHP-FIG",
                    "homepage": "https://www.php-fig.org/"
                }
            ],
            "description": "Common interface for logging libraries",
            "homepage": "https://github.com/php-fig/log",
            "keywords": [
                "log",
                "psr",
                "psr-3"
            ],
            "support": {
                "source": "https://github.com/php-fig/log/tree/3.0.2"
            },
            "time": "2024-09-11T13:17:53+00:00"
        },
        {
            "name": "wp-cli/php-cli-tools",
            "version": "dev-master",
            "source": {
                "type": "git",
                "url": "https://github.com/wp-cli/php-cli-tools.git",
                "reference": "81098df0e8c66c95e14bbe5073ef3efba6832ebb"
            },
            "dist": {
                "type": "zip",
                "url": "https://api.github.com/repos/wp-cli/php-cli-tools/zipball/81098df0e8c66c95e14bbe5073ef3efba6832ebb",
                "reference": "81098df0e8c66c95e14bbe5073ef3efba6832ebb",
                "shasum": ""
            },
            "require": {
                "php": ">= 7.2.24"
            },
            "require-dev": {
                "roave/security-advisories": "dev-latest",
                "wp-cli/wp-cli-tests": "^5"
            },
            "default-branch": true,
            "type": "library",
            "extra": {
                "branch-alias": {
                    "dev-master": "0.12.x-dev"
                }
            },
            "autoload": {
                "files": [
                    "lib/cli/cli.php"
                ],
                "psr-0": {
                    "cli": "lib/"
                }
            },
            "notification-url": "https://packagist.org/downloads/",
            "license": [
                "MIT"
            ],
            "authors": [
                {
                    "name": "Daniel Bachhuber",
                    "email": "daniel@handbuilt.co",
                    "role": "Maintainer"
                },
                {
                    "name": "James Logsdon",
                    "email": "jlogsdon@php.net",
                    "role": "Developer"
                }
            ],
            "description": "Console utilities for PHP",
            "homepage": "http://github.com/wp-cli/php-cli-tools",
            "keywords": [
                "cli",
                "console"
            ],
            "support": {
                "issues": "https://github.com/wp-cli/php-cli-tools/issues",
                "source": "https://github.com/wp-cli/php-cli-tools/tree/master"
            },
            "time": "2025-11-11T13:30:55+00:00"
        }
    ],
    "packages-dev": [],
    "aliases": [],
    "minimum-stability": "dev",
    "stability-flags": {},
    "prefer-stable": false,
    "prefer-lowest": false,
    "platform": {},
    "platform-dev": {},
    "plugin-api-version": "2.6.0"
}
